
Microsoft Visual Studio Solution File, Format Version 12.00
# Visual Studio Version 16
VisualStudioVersion = 16.0.30621.155
MinimumVisualStudioVersion = 10.0.40219.1
Project("{9A19103F-16F7-4668-BE54-9A1E7A4F7556}") = "Gift Shop admin input", "Gift Shop admin input\Gift Shop admin input.csproj", "{D28A739B-0FA5-4942-9712-75881A244E46}"
EndProject
Global
	GlobalSection(SolutionConfigurationPlatforms) = preSolution
		Debug|Any CPU = Debug|Any CPU
		Release|Any CPU = Release|Any CPU
	EndGlobalSection
	GlobalSection(ProjectConfigurationPlatforms) = postSolution
		{D28A739B-0FA5-4942-9712-75881A244E46}.Debug|Any CPU.ActiveCfg = Debug|Any CPU
		{D28A739B-0FA5-4942-9712-75881A244E46}.Debug|Any CPU.Build.0 = Debug|Any CPU
		{D28A739B-0FA5-4942-9712-75881A244E46}.Release|Any CPU.ActiveCfg = Release|Any CPU
		{D28A739B-0FA5-4942-9712-75881A244E46}.Release|Any CPU.Build.0 = Release|Any CPU
	EndGlobalSection
	GlobalSection(SolutionProperties) = preSolution
		HideSolutionNode = FALSE
	EndGlobalSection
	GlobalSection(ExtensibilityGlobals) = postSolution
		SolutionGuid = {BD9CDA58-70A8-4C41-A7BF-86BB2F63BB0F}
	EndGlobalSection
EndGlobal
